// !$*UTF8*$!
{
	archiveVersion = 1;
	classes = {
	};
	objectVersion = 56;
	objects = {

/* Begin PBXBuildFile section */
		892C6AC42A7582DC00C810C7 /* RealityKitContent in Frameworks */ = {isa = PBXBuildFile; productRef = 892C6AC32A7582DC00C810C7 /* RealityKitContent */; };
		892C6AC62A7582DC00C810C7 /* SwiftVisionApp.swift in Sources */ = {isa = PBXBuildFile; fileRef = 892C6AC52A7582DC00C810C7 /* SwiftVisionApp.swift */; };
		892C6AC82A7582DC00C810C7 /* ContentView.swift in Sources */ = {isa = PBXBuildFile; fileRef = 892C6AC72A7582DC00C810C7 /* ContentView.swift */; };
		892C6ACA2A7582DD00C810C7 /* Assets.xcassets in Resources */ = {isa = PBXBuildFile; fileRef = 892C6AC92A7582DD00C810C7 /* Assets.xcassets */; };
		892C6ACD2A7582DD00C810C7 /* Preview Assets.xcassets in Resources */ = {isa = PBXBuildFile; fileRef = 892C6ACC2A7582DD00C810C7 /* Preview Assets.xcassets */; };
		892C6AD42A75852800C810C7 /* Model.swift in Sources */ = {isa = PBXBuildFile; fileRef = 892C6AD32A75852800C810C7 /* Model.swift */; };
		892C6AD82A75864E00C810C7 /* ContentEditorView_ViewModel.swift in Sources */ = {isa = PBXBuildFile; fileRef = 892C6AD72A75864E00C810C7 /* ContentEditorView_ViewModel.swift */; };
		892C6ADA2A75867700C810C7 /* Service.swift in Sources */ = {isa = PBXBuildFile; fileRef = 892C6AD92A75867700C810C7 /* Service.swift */; };
		892C6ADC2A75877800C810C7 /* PromptModels.swift in Sources */ = {isa = PBXBuildFile; fileRef = 892C6ADB2A75877800C810C7 /* PromptModels.swift */; };
		892C6AE02A75887900C810C7 /* SideBarView.swift in Sources */ = {isa = PBXBuildFile; fileRef = 892C6ADF2A75887900C810C7 /* SideBarView.swift */; };
		892C6AE22A7588A300C810C7 /* SideBarSeparator.swift in Sources */ = {isa = PBXBuildFile; fileRef = 892C6AE12A7588A300C810C7 /* SideBarSeparator.swift */; };
		892C6AE42A7588B500C810C7 /* AnalysisResultView.swift in Sources */ = {isa = PBXBuildFile; fileRef = 892C6AE32A7588B500C810C7 /* AnalysisResultView.swift */; };
		892C6AE62A7588CA00C810C7 /* CodeEditorView.swift in Sources */ = {isa = PBXBuildFile; fileRef = 892C6AE52A7588CA00C810C7 /* CodeEditorView.swift */; };
		892C6AE82A7588DB00C810C7 /* ModalView.swift in Sources */ = {isa = PBXBuildFile; fileRef = 892C6AE72A7588DB00C810C7 /* ModalView.swift */; };
		892C6AEB2A758A9600C810C7 /* CustomTextEditorView.swift in Sources */ = {isa = PBXBuildFile; fileRef = 892C6AEA2A758A9600C810C7 /* CustomTextEditorView.swift */; };
		892C6AED2A758AD500C810C7 /* TypingView.swift in Sources */ = {isa = PBXBuildFile; fileRef = 892C6AEC2A758AD500C810C7 /* TypingView.swift */; };
		89625CDB2A75AD6B00AAF03F /* Highlightr in Frameworks */ = {isa = PBXBuildFile; productRef = 89625CDA2A75AD6B00AAF03F /* Highlightr */; };
/* End PBXBuildFile section */

/* Begin PBXFileReference section */
		892C6ABE2A7582DC00C810C7 /* SwiftVision.app */ = {isa = PBXFileReference; explicitFileType = wrapper.application; includeInIndex = 0; path = SwiftVision.app; sourceTree = BUILT_PRODUCTS_DIR; };
		892C6AC22A7582DC00C810C7 /* RealityKitContent */ = {isa = PBXFileReference; lastKnownFileType = wrapper; path = RealityKitContent; sourceTree = "<group>"; };
		892C6AC52A7582DC00C810C7 /* SwiftVisionApp.swift */ = {isa = PBXFileReference; lastKnownFileType = sourcecode.swift; path = SwiftVisionApp.swift; sourceTree = "<group>"; };
		892C6AC72A7582DC00C810C7 /* ContentView.swift */ = {isa = PBXFileReference; lastKnownFileType = sourcecode.swift; path = ContentView.swift; sourceTree = "<group>"; };
		892C6AC92A7582DD00C810C7 /* Assets.xcassets */ = {isa = PBXFileReference; lastKnownFileType = folder.assetcatalog; path = Assets.xcassets; sourceTree = "<group>"; };
		892C6ACC2A7582DD00C810C7 /* Preview Assets.xcassets */ = {isa = PBXFileReference; lastKnownFileType = folder.assetcatalog; path = "Preview Assets.xcassets"; sourceTree = "<group>"; };
		892C6AD32A75852800C810C7 /* Model.swift */ = {isa = PBXFileReference; lastKnownFileType = sourcecode.swift; path = Model.swift; sourceTree = "<group>"; };
		892C6AD72A75864E00C810C7 /* ContentEditorView_ViewModel.swift */ = {isa = PBXFileReference; lastKnownFileType = sourcecode.swift; path = ContentEditorView_ViewModel.swift; sourceTree = "<group>"; };
		892C6AD92A75867700C810C7 /* Service.swift */ = {isa = PBXFileReference; lastKnownFileType = sourcecode.swift; path = Service.swift; sourceTree = "<group>"; };
		892C6ADB2A75877800C810C7 /* PromptModels.swift */ = {isa = PBXFileReference; lastKnownFileType = sourcecode.swift; path = PromptModels.swift; sourceTree = "<group>"; };
		892C6ADF2A75887900C810C7 /* SideBarView.swift */ = {isa = PBXFileReference; lastKnownFileType = sourcecode.swift; path = SideBarView.swift; sourceTree = "<group>"; };
		892C6AE12A7588A300C810C7 /* SideBarSeparator.swift */ = {isa = PBXFileReference; lastKnownFileType = sourcecode.swift; path = SideBarSeparator.swift; sourceTree = "<group>"; };
		892C6AE32A7588B500C810C7 /* AnalysisResultView.swift */ = {isa = PBXFileReference; lastKnownFileType = sourcecode.swift; path = AnalysisResultView.swift; sourceTree = "<group>"; };
		892C6AE52A7588CA00C810C7 /* CodeEditorView.swift */ = {isa = PBXFileReference; lastKnownFileType = sourcecode.swift; path = CodeEditorView.swift; sourceTree = "<group>"; };
		892C6AE72A7588DB00C810C7 /* ModalView.swift */ = {isa = PBXFileReference; lastKnownFileType = sourcecode.swift; path = ModalView.swift; sourceTree = "<group>"; };
		892C6AEA2A758A9600C810C7 /* CustomTextEditorView.swift */ = {isa = PBXFileReference; lastKnownFileType = sourcecode.swift; path = CustomTextEditorView.swift; sourceTree = "<group>"; };
		892C6AEC2A758AD500C810C7 /* TypingView.swift */ = {isa = PBXFileReference; lastKnownFileType = sourcecode.swift; path = TypingView.swift; sourceTree = "<group>"; };
/* End PBXFileReference section */

/* Begin PBXFrameworksBuildPhase section */
		892C6ABB2A7582DC00C810C7 /* Frameworks */ = {
			isa = PBXFrameworksBuildPhase;
			buildActionMask = 2147483647;
			files = (
				89625CDB2A75AD6B00AAF03F /* Highlightr in Frameworks */,
				892C6AC42A7582DC00C810C7 /* RealityKitContent in Frameworks */,
			);
			runOnlyForDeploymentPostprocessing = 0;
		};
/* End PBXFrameworksBuildPhase section */

/* Begin PBXGroup section */
		892C6AB52A7582DC00C810C7 = {
			isa = PBXGroup;
			children = (
				892C6AC02A7582DC00C810C7 /* SwiftVision */,
				892C6AC12A7582DC00C810C7 /* Packages */,
				892C6ABF2A7582DC00C810C7 /* Products */,
			);
			sourceTree = "<group>";
		};
		892C6ABF2A7582DC00C810C7 /* Products */ = {
			isa = PBXGroup;
			children = (
				892C6ABE2A7582DC00C810C7 /* SwiftVision.app */,
			);
			name = Products;
			sourceTree = "<group>";
		};
		892C6AC02A7582DC00C810C7 /* SwiftVision */ = {
			isa = PBXGroup;
			children = (
				892C6AC52A7582DC00C810C7 /* SwiftVisionApp.swift */,
				892C6ADD2A75883900C810C7 /* Views */,
				892C6AE92A7589CD00C810C7 /* Utilities */,
				892C6AD32A75852800C810C7 /* Model.swift */,
				892C6AD92A75867700C810C7 /* Service.swift */,
				892C6AD72A75864E00C810C7 /* ContentEditorView_ViewModel.swift */,
				892C6AC92A7582DD00C810C7 /* Assets.xcassets */,
				892C6ACB2A7582DD00C810C7 /* Preview Content */,
			);
			path = SwiftVision;
			sourceTree = "<group>";
		};
		892C6AC12A7582DC00C810C7 /* Packages */ = {
			isa = PBXGroup;
			children = (
				892C6AC22A7582DC00C810C7 /* RealityKitContent */,
			);
			path = Packages;
			sourceTree = "<group>";
		};
		892C6ACB2A7582DD00C810C7 /* Preview Content */ = {
			isa = PBXGroup;
			children = (
				892C6ACC2A7582DD00C810C7 /* Preview Assets.xcassets */,
			);
			path = "Preview Content";
			sourceTree = "<group>";
		};
		892C6ADD2A75883900C810C7 /* Views */ = {
			isa = PBXGroup;
			children = (
				892C6AC72A7582DC00C810C7 /* ContentView.swift */,
				892C6ADE2A75884F00C810C7 /* ComponentViews */,
			);
			path = Views;
			sourceTree = "<group>";
		};
		892C6ADE2A75884F00C810C7 /* ComponentViews */ = {
			isa = PBXGroup;
			children = (
				892C6ADF2A75887900C810C7 /* SideBarView.swift */,
				892C6AE12A7588A300C810C7 /* SideBarSeparator.swift */,
				892C6AE32A7588B500C810C7 /* AnalysisResultView.swift */,
				892C6AE52A7588CA00C810C7 /* CodeEditorView.swift */,
				892C6AE72A7588DB00C810C7 /* ModalView.swift */,
			);
			path = ComponentViews;
			sourceTree = "<group>";
		};
		892C6AE92A7589CD00C810C7 /* Utilities */ = {
			isa = PBXGroup;
			children = (
				892C6ADB2A75877800C810C7 /* PromptModels.swift */,
				892C6AEA2A758A9600C810C7 /* CustomTextEditorView.swift */,
				892C6AEC2A758AD500C810C7 /* TypingView.swift */,
			);
			path = Utilities;
			sourceTree = "<group>";
		};
/* End PBXGroup section */

/* Begin PBXNativeTarget section */
		892C6ABD2A7582DC00C810C7 /* SwiftVision */ = {
			isa = PBXNativeTarget;
			buildConfigurationList = 892C6AD02A7582DD00C810C7 /* Build configuration list for PBXNativeTarget "SwiftVision" */;
			buildPhases = (
				892C6ABA2A7582DC00C810C7 /* Sources */,
				892C6ABB2A7582DC00C810C7 /* Frameworks */,
				892C6ABC2A7582DC00C810C7 /* Resources */,
			);
			buildRules = (
			);
			dependencies = (
			);
			name = SwiftVision;
			packageProductDependencies = (
				892C6AC32A7582DC00C810C7 /* RealityKitContent */,
				89625CDA2A75AD6B00AAF03F /* Highlightr */,
			);
			productName = SwiftVision;
			productReference = 892C6ABE2A7582DC00C810C7 /* SwiftVision.app */;
			productType = "com.apple.product-type.application";
		};
/* End PBXNativeTarget section */

/* Begin PBXProject section */
		892C6AB62A7582DC00C810C7 /* Project object */ = {
			isa = PBXProject;
			attributes = {
				BuildIndependentTargetsInParallel = 1;
				LastSwiftUpdateCheck = 1500;
				LastUpgradeCheck = 1500;
				TargetAttributes = {
					892C6ABD2A7582DC00C810C7 = {
						CreatedOnToolsVersion = 15.0;
					};
				};
			};
			buildConfigurationList = 892C6AB92A7582DC00C810C7 /* Build configuration list for PBXProject "SwiftVision" */;
			compatibilityVersion = "Xcode 14.0";
			developmentRegion = en;
			hasScannedForEncodings = 0;
			knownRegions = (
				en,
				Base,
			);
			mainGroup = 892C6AB52A7582DC00C810C7;
			packageReferences = (
				89625CD92A75AD6B00AAF03F /* XCRemoteSwiftPackageReference "Highlightr" */,
			);
			productRefGroup = 892C6ABF2A7582DC00C810C7 /* Products */;
			projectDirPath = "";
			projectRoot = "";
			targets = (
				892C6ABD2A7582DC00C810C7 /* SwiftVision */,
			);
		};
/* End PBXProject section */

/* Begin PBXResourcesBuildPhase section */
		892C6ABC2A7582DC00C810C7 /* Resources */ = {
			isa = PBXResourcesBuildPhase;
			buildActionMask = 2147483647;
			files = (
				892C6ACD2A7582DD00C810C7 /* Preview Assets.xcassets in Resources */,
				892C6ACA2A7582DD00C810C7 /* Assets.xcassets in Resources */,
			);
			runOnlyForDeploymentPostprocessing = 0;
		};
/* End PBXResourcesBuildPhase section */

/* Begin PBXSourcesBuildPhase section */
		892C6ABA2A7582DC00C810C7 /* Sources */ = {
			isa = PBXSourcesBuildPhase;
			buildActionMask = 2147483647;
			files = (
				892C6AE82A7588DB00C810C7 /* ModalView.swift in Sources */,
				892C6AD82A75864E00C810C7 /* ContentEditorView_ViewModel.swift in Sources */,
				892C6AD42A75852800C810C7 /* Model.swift in Sources */,
				892C6ADA2A75867700C810C7 /* Service.swift in Sources */,
				892C6ADC2A75877800C810C7 /* PromptModels.swift in Sources */,
				892C6AE62A7588CA00C810C7 /* CodeEditorView.swift in Sources */,
				892C6AE22A7588A300C810C7 /* SideBarSeparator.swift in Sources */,
				892C6AE42A7588B500C810C7 /* AnalysisResultView.swift in Sources */,
				892C6AC82A7582DC00C810C7 /* ContentView.swift in Sources */,
				892C6AE02A75887900C810C7 /* SideBarView.swift in Sources */,
				892C6AED2A758AD500C810C7 /* TypingView.swift in Sources */,
				892C6AC62A7582DC00C810C7 /* SwiftVisionApp.swift in Sources */,
				892C6AEB2A758A9600C810C7 /* CustomTextEditorView.swift in Sources */,
			);
			runOnlyForDeploymentPostprocessing = 0;
		};
/* End PBXSourcesBuildPhase section */

/* Begin XCBuildConfiguration section */
		892C6ACE2A7582DD00C810C7 /* Debug */ = {
			isa = XCBuildConfiguration;
			buildSettings = {
				ALWAYS_SEARCH_USER_PATHS = NO;
				ASSETCATALOG_COMPILER_GENERATE_SWIFT_ASSET_SYMBOL_EXTENSIONS = YES;
				CLANG_ANALYZER_NONNULL = YES;
				CLANG_ANALYZER_NUMBER_OBJECT_CONVERSION = YES_AGGRESSIVE;
				CLANG_CXX_LANGUAGE_STANDARD = "gnu++20";
				CLANG_ENABLE_MODULES = YES;
				CLANG_ENABLE_OBJC_ARC = YES;
				CLANG_ENABLE_OBJC_WEAK = YES;
				CLANG_WARN_BLOCK_CAPTURE_AUTORELEASING = YES;
				CLANG_WARN_BOOL_CONVERSION = YES;
				CLANG_WARN_COMMA = YES;
				CLANG_WARN_CONSTANT_CONVERSION = YES;
				CLANG_WARN_DEPRECATED_OBJC_IMPLEMENTATIONS = YES;
				CLANG_WARN_DIRECT_OBJC_ISA_USAGE = YES_ERROR;
				CLANG_WARN_DOCUMENTATION_COMMENTS = YES;
				CLANG_WARN_EMPTY_BODY = YES;
				CLANG_WARN_ENUM_CONVERSION = YES;
				CLANG_WARN_INFINITE_RECURSION = YES;
				CLANG_WARN_INT_CONVERSION = YES;
				CLANG_WARN_NON_LITERAL_NULL_CONVERSION = YES;
				CLANG_WARN_OBJC_IMPLICIT_RETAIN_SELF = YES;
				CLANG_WARN_OBJC_LITERAL_CONVERSION = YES;
				CLANG_WARN_OBJC_ROOT_CLASS = YES_ERROR;
				CLANG_WARN_QUOTED_INCLUDE_IN_FRAMEWORK_HEADER = YES;
				CLANG_WARN_RANGE_LOOP_ANALYSIS = YES;
				CLANG_WARN_STRICT_PROTOTYPES = YES;
				CLANG_WARN_SUSPICIOUS_MOVE = YES;
				CLANG_WARN_UNGUARDED_AVAILABILITY = YES_AGGRESSIVE;
				CLANG_WARN_UNREACHABLE_CODE = YES;
				CLANG_WARN__DUPLICATE_METHOD_MATCH = YES;
				COPY_PHASE_STRIP = NO;
				DEBUG_INFORMATION_FORMAT = dwarf;
				ENABLE_STRICT_OBJC_MSGSEND = YES;
				ENABLE_TESTABILITY = YES;
				ENABLE_USER_SCRIPT_SANDBOXING = YES;
				GCC_C_LANGUAGE_STANDARD = gnu17;
				GCC_DYNAMIC_NO_PIC = NO;
				GCC_NO_COMMON_BLOCKS = YES;
				GCC_OPTIMIZATION_LEVEL = 0;
				GCC_PREPROCESSOR_DEFINITIONS = (
					"DEBUG=1",
					"$(inherited)",
				);
				GCC_WARN_64_TO_32_BIT_CONVERSION = YES;
				GCC_WARN_ABOUT_RETURN_TYPE = YES_ERROR;
				GCC_WARN_UNDECLARED_SELECTOR = YES;
				GCC_WARN_UNINITIALIZED_AUTOS = YES_AGGRESSIVE;
				GCC_WARN_UNUSED_FUNCTION = YES;
				GCC_WARN_UNUSED_VARIABLE = YES;
				LOCALIZATION_PREFERS_STRING_CATALOGS = YES;
				MTL_ENABLE_DEBUG_INFO = INCLUDE_SOURCE;
				MTL_FAST_MATH = YES;
				ONLY_ACTIVE_ARCH = YES;
				SDKROOT = xros;
				SWIFT_ACTIVE_COMPILATION_CONDITIONS = "DEBUG $(inherited)";
				SWIFT_OPTIMIZATION_LEVEL = "-Onone";
				XROS_DEPLOYMENT_TARGET = 1.0;
			};
			name = Debug;
		};
		892C6ACF2A7582DD00C810C7 /* Release */ = {
			isa = XCBuildConfiguration;
			buildSettings = {
				ALWAYS_SEARCH_USER_PATHS = NO;
				ASSETCATALOG_COMPILER_GENERATE_SWIFT_ASSET_SYMBOL_EXTENSIONS = YES;
				CLANG_ANALYZER_NONNULL = YES;
				CLANG_ANALYZER_NUMBER_OBJECT_CONVERSION = YES_AGGRESSIVE;
				CLANG_CXX_LANGUAGE_STANDARD = "gnu++20";
				CLANG_ENABLE_MODULES = YES;
				CLANG_ENABLE_OBJC_ARC = YES;
				CLANG_ENABLE_OBJC_WEAK = YES;
				CLANG_WARN_BLOCK_CAPTURE_AUTORELEASING = YES;
				CLANG_WARN_BOOL_CONVERSION = YES;
				CLANG_WARN_COMMA = YES;
				CLANG_WARN_CONSTANT_CONVERSION = YES;
				CLANG_WARN_DEPRECATED_OBJC_IMPLEMENTATIONS = YES;
				CLANG_WARN_DIRECT_OBJC_ISA_USAGE = YES_ERROR;
				CLANG_WARN_DOCUMENTATION_COMMENTS = YES;
				CLANG_WARN_EMPTY_BODY = YES;
				CLANG_WARN_ENUM_CONVERSION = YES;
				CLANG_WARN_INFINITE_RECURSION = YES;
				CLANG_WARN_INT_CONVERSION = YES;
				CLANG_WARN_NON_LITERAL_NULL_CONVERSION = YES;
				CLANG_WARN_OBJC_IMPLICIT_RETAIN_SELF = YES;
				CLANG_WARN_OBJC_LITERAL_CONVERSION = YES;
				CLANG_WARN_OBJC_ROOT_CLASS = YES_ERROR;
				CLANG_WARN_QUOTED_INCLUDE_IN_FRAMEWORK_HEADER = YES;
				CLANG_WARN_RANGE_LOOP_ANALYSIS = YES;
				CLANG_WARN_STRICT_PROTOTYPES = YES;
				CLANG_WARN_SUSPICIOUS_MOVE = YES;
				CLANG_WARN_UNGUARDED_AVAILABILITY = YES_AGGRESSIVE;
				CLANG_WARN_UNREACHABLE_CODE = YES;
				CLANG_WARN__DUPLICATE_METHOD_MATCH = YES;
				COPY_PHASE_STRIP = NO;
				DEBUG_INFORMATION_FORMAT = "dwarf-with-dsym";
				ENABLE_NS_ASSERTIONS = NO;
				ENABLE_STRICT_OBJC_MSGSEND = YES;
				ENABLE_USER_SCRIPT_SANDBOXING = YES;
				GCC_C_LANGUAGE_STANDARD = gnu17;
				GCC_NO_COMMON_BLOCKS = YES;
				GCC_WARN_64_TO_32_BIT_CONVERSION = YES;
				GCC_WARN_ABOUT_RETURN_TYPE = YES_ERROR;
				GCC_WARN_UNDECLARED_SELECTOR = YES;
				GCC_WARN_UNINITIALIZED_AUTOS = YES_AGGRESSIVE;
				GCC_WARN_UNUSED_FUNCTION = YES;
				GCC_WARN_UNUSED_VARIABLE = YES;
				LOCALIZATION_PREFERS_STRING_CATALOGS = YES;
				MTL_ENABLE_DEBUG_INFO = NO;
				MTL_FAST_MATH = YES;
				SDKROOT = xros;
				SWIFT_COMPILATION_MODE = wholemodule;
				VALIDATE_PRODUCT = YES;
				XROS_DEPLOYMENT_TARGET = 1.0;
			};
			name = Release;
		};
		892C6AD12A7582DD00C810C7 /* Debug */ = {
			isa = XCBuildConfiguration;
			buildSettings = {
				ASSETCATALOG_COMPILER_APPICON_NAME = AppIcon;
				ASSETCATALOG_COMPILER_GLOBAL_ACCENT_COLOR_NAME = AccentColor;
				CODE_SIGN_STYLE = Automatic;
				CURRENT_PROJECT_VERSION = 1;
				DEVELOPMENT_ASSET_PATHS = "\"SwiftVision/Preview Content\"";
				DEVELOPMENT_TEAM = 6257XTCRBF;
				ENABLE_PREVIEWS = YES;
				GENERATE_INFOPLIST_FILE = YES;
				INFOPLIST_KEY_UIApplicationSceneManifest_Generation = YES;
				LD_RUNPATH_SEARCH_PATHS = (
					"$(inherited)",
					"@executable_path/Frameworks",
				);
				MARKETING_VERSION = 1.0;
				PRODUCT_BUNDLE_IDENTIFIER = AlphonsoSensley.SwiftVision;
				PRODUCT_NAME = "$(TARGET_NAME)";
				SUPPORTED_PLATFORMS = "xros xrsimulator";
				SWIFT_EMIT_LOC_STRINGS = YES;
				SWIFT_VERSION = 5.0;
				TARGETED_DEVICE_FAMILY = "1,2,7";
			};
			name = Debug;
		};
		892C6AD22A7582DD00C810C7 /* Release */ = {
			isa = XCBuildConfiguration;
			buildSettings = {
				ASSETCATALOG_COMPILER_APPICON_NAME = AppIcon;
				ASSETCATALOG_COMPILER_GLOBAL_ACCENT_COLOR_NAME = AccentColor;
				CODE_SIGN_STYLE = Automatic;
				CURRENT_PROJECT_VERSION = 1;
				DEVELOPMENT_ASSET_PATHS = "\"SwiftVision/Preview Content\"";
				DEVELOPMENT_TEAM = 6257XTCRBF;
				ENABLE_PREVIEWS = YES;
				GENERATE_INFOPLIST_FILE = YES;
				INFOPLIST_KEY_UIApplicationSceneManifest_Generation = YES;
				LD_RUNPATH_SEARCH_PATHS = (
					"$(inherited)",
					"@executable_path/Frameworks",
				);
				MARKETING_VERSION = 1.0;
				PRODUCT_BUNDLE_IDENTIFIER = AlphonsoSensley.SwiftVision;
				PRODUCT_NAME = "$(TARGET_NAME)";
				SUPPORTED_PLATFORMS = "xros xrsimulator";
				SWIFT_EMIT_LOC_STRINGS = YES;
				SWIFT_VERSION = 5.0;
				TARGETED_DEVICE_FAMILY = "1,2,7";
			};
			name = Release;
		};
/* End XCBuildConfiguration section */

/* Begin XCConfigurationList section */
		892C6AB92A7582DC00C810C7 /* Build configuration list for PBXProject "SwiftVision" */ = {
			isa = XCConfigurationList;
			buildConfigurations = (
				892C6ACE2A7582DD00C810C7 /* Debug */,
				892C6ACF2A7582DD00C810C7 /* Release */,
			);
			defaultConfigurationIsVisible = 0;
			defaultConfigurationName = Release;
		};
		892C6AD02A7582DD00C810C7 /* Build configuration list for PBXNativeTarget "SwiftVision" */ = {
			isa = XCConfigurationList;
			buildConfigurations = (
				892C6AD12A7582DD00C810C7 /* Debug */,
				892C6AD22A7582DD00C810C7 /* Release */,
			);
			defaultConfigurationIsVisible = 0;
			defaultConfigurationName = Release;
		};
/* End XCConfigurationList section */

/* Begin XCRemoteSwiftPackageReference section */
		89625CD92A75AD6B00AAF03F /* XCRemoteSwiftPackageReference "Highlightr" */ = {
			isa = XCRemoteSwiftPackageReference;
			repositoryURL = "https://github.com/raspu/Highlightr";
			requirement = {
				kind = upToNextMajorVersion;
				minimumVersion = 2.1.2;
			};
		};
/* End XCRemoteSwiftPackageReference section */

/* Begin XCSwiftPackageProductDependency section */
		892C6AC32A7582DC00C810C7 /* RealityKitContent */ = {
			isa = XCSwiftPackageProductDependency;
			productName = RealityKitContent;
		};
		89625CDA2A75AD6B00AAF03F /* Highlightr */ = {
			isa = XCSwiftPackageProductDependency;
			package = 89625CD92A75AD6B00AAF03F /* XCRemoteSwiftPackageReference "Highlightr" */;
			productName = Highlightr;
		};
/* End XCSwiftPackageProductDependency section */
	};
	rootObject = 892C6AB62A7582DC00C810C7 /* Project object */;
}
